
Microsoft Visual Studio Solution File, Format Version 12.00
# Visual Studio Version 17
VisualStudioVersion = 17.9.34728.123
MinimumVisualStudioVersion = 10.0.40219.1
Project("{9A19103F-16F7-4668-BE54-9A1E7A4F7556}") = "task_one_v2", "task_one_v2\task_one_v2.csproj", "{45481E47-D120-4960-BDDB-F439CFF874F9}"
EndProject
Global
	GlobalSection(SolutionConfigurationPlatforms) = preSolution
		Debug|Any CPU = Debug|Any CPU
		Release|Any CPU = Release|Any CPU
	EndGlobalSection
	GlobalSection(ProjectConfigurationPlatforms) = postSolution
		{45481E47-D120-4960-BDDB-F439CFF874F9}.Debug|Any CPU.ActiveCfg = Debug|Any CPU
		{45481E47-D120-4960-BDDB-F439CFF874F9}.Debug|Any CPU.Build.0 = Debug|Any CPU
		{45481E47-D120-4960-BDDB-F439CFF874F9}.Release|Any CPU.ActiveCfg = Release|Any CPU
		{45481E47-D120-4960-BDDB-F439CFF874F9}.Release|Any CPU.Build.0 = Release|Any CPU
	EndGlobalSection
	GlobalSection(SolutionProperties) = preSolution
		HideSolutionNode = FALSE
	EndGlobalSection
	GlobalSection(ExtensibilityGlobals) = postSolution
		SolutionGuid = {331A0D80-D0B7-4508-BFCE-8C7D563CE4C7}
	EndGlobalSection
EndGlobal
